# This file is generated by running "yarn install" inside your project.
# Manual changes might be lost - proceed with caution!

__metadata:
  version: 4
  cacheKey: 8

"comcigan@workspace:.":
  version: 0.0.0-use.local
  resolution: "comcigan@workspace:."
  dependencies:
    typescript: ^4.3.2
  languageName: unknown
  linkType: soft

typescript@^4.3.2:
  version: 4.3.2
  resolution: "typescript@npm:4.3.2"
  bin:
    tsc: bin/tsc
    tsserver: bin/tsserver
  checksum: c2a86fa03ce03b255adc13ccd70a55173ca6539ae12114feca59f34a4e9bb69f14fb7cd5adc6c2416e568cff05c870b89d1366768ec55fce04fbdffb429a1cee
  languageName: node
  linkType: hard

"typescript@patch:typescript@^4.3.2#~builtin<compat/typescript>":
  version: 4.3.2
  resolution: "typescript@patch:typescript@npm%3A4.3.2#~builtin<compat/typescript>::version=4.3.2&hash=34ad7d"
  bin:
    tsc: bin/tsc
    tsserver: bin/tsserver
  checksum: c71285d8bc17e0108ae1489a7e906ea606e951d7afc5d141c8889bbdc1c7548c0833b82716b1dd2099321c20b48604309c96c8454831cbcc939966190226d9a2
  languageName: node
  linkType: hard
